{
  "name": "psi-slides",
  "version": "1.0.0",
  "lockfileVersion": 3,
  "requires": true,
  "packages": {
    "": {
      "name": "psi-slides",
      "version": "1.0.0",
      "license": "MIT",
      "dependencies": {
        "@fontsource-variable/big-shoulders-display": "^5.3.0",
        "@fontsource-variable/bitter": "^5.3.0",
        "@fontsource-variable/bodoni-moda": "^5.3.0",
        "@fontsource-variable/bricolage-grotesque": "^5.3.0",
        "@fontsource-variable/caveat": "^5.3.0",
        "@fontsource-variable/ibm-plex-sans": "^5.3.0",
        "@fontsource-variable/inter-tight": "^5.3.0",
        "@fontsource-variable/jetbrains-mono": "^5.3.0",
        "@fontsource-variable/literata": "^5.3.0",
        "@fontsource-variable/noto-sans-mono": "^5.3.0",
        "@fontsource-variable/noto-serif": "^5.3.0",
        "@fontsource-variable/orbitron": "^5.3.0",
        "@fontsource-variable/oswald": "^5.3.0",
        "@fontsource-variable/pixelify-sans": "^5.3.0",
        "@fontsource-variable/roboto-serif": "^5.3.0",
        "@fontsource-variable/shantell-sans": "^5.3.0",
        "@fontsource-variable/source-serif-4": "^5.3.0",
        "@fontsource-variable/space-grotesk": "^5.3.0",
        "@fontsource-variable/syne": "^5.3.0",
        "@fontsource-variable/unbounded": "^5.3.0",
        "@fontsource/abril-fatface": "^5.3.0",
        "@fontsource/alfa-slab-one": "^5.3.0",
        "@fontsource/amatic-sc": "^5.3.0",
        "@fontsource/anton": "^5.3.0",
        "@fontsource/archivo-black": "^5.3.0",
        "@fontsource/bebas-neue": "^5.3.0",
        "@fontsource/caveat-brush": "^5.3.0",
        "@fontsource/chakra-petch": "^5.3.0",
        "@fontsource/dm-serif-display": "^5.3.0",
        "@fontsource/instrument-serif": "^5.3.0",
        "@fontsource/kalam": "^5.3.0",
        "@fontsource/patrick-hand": "^5.3.0",
        "@fontsource/prata": "^5.3.0",
        "@fontsource/press-start-2p": "^5.3.0",
        "@fontsource/rubik-mono-one": "^5.3.0",
        "@fontsource/silkscreen": "^5.3.0",
        "@fontsource/space-mono": "^5.3.0",
        "@fontsource/staatliches": "^5.3.0",
        "@fontsource/vt323": "^5.3.0",
        "@fontsource/yeseva-one": "^5.3.0",
        "@fontsource/young-serif": "^5.3.0",
        "gray-matter": "^4.0.3",
        "katex": "^0.18.0",
        "marked": "^12.0.2",
        "qrcode-generator": "^2.0.4",
        "shiki": "^4.0.2",
        "ws": "^8.20.0"
      },
      "devDependencies": {
        "@fortawesome/fontawesome-free": "^7.3.1",
        "playwright-core": "^1.61.1"
      },
      "engines": {
        "node": ">=20"
      }
    },
    "node_modules/@fontsource-variable/big-shoulders-display": {
      "version": "5.3.0",
      "resolved": "https://registry.npmjs.org/@fontsource-variable/big-shoulders-display/-/big-shoulders-display-5.3.0.tgz",
      "integrity": "sha512-7k1REXMZFEa7gSWOURbmCJW5Gv9D0EbEFQgosZidM8Ob/qpPlK96vqyIzCTnNZ/C0XFZWxeKU53D3QdeHctYCA==",
      "license": "OFL-1.1",
      "funding": {
        "url": "https://github.com/sponsors/ayuhito"
      }
    },
    "node_modules/@fontsource-variable/bitter": {
      "version": "5.3.0",
      "resolved": "https://registry.npmjs.org/@fontsource-variable/bitter/-/bitter-5.3.0.tgz",
      "integrity": "sha512-TNGusdX+fjWE2b8pTG7kH1A615DbjjSj8/PwVm+iyiFiLFtioHXt6eH5jIFE2kmiA3Ogp03jEyZDsukotzC+4Q==",
      "license": "OFL-1.1",
      "funding": {
        "url": "https://github.com/sponsors/ayuhito"
      }
    },
    "node_modules/@fontsource-variable/bodoni-moda": {
      "version": "5.3.0",
      "resolved": "https://registry.npmjs.org/@fontsource-variable/bodoni-moda/-/bodoni-moda-5.3.0.tgz",
      "integrity": "sha512-yTDXk4+/J8I20KjtkHBbXDQNeE5PR3BZa0gv/YRza+kyxsz+mmg0la/n/hsr6+WvSfVP7Lc8lRTjHGIYwBW43A==",
      "license": "OFL-1.1",
      "funding": {
        "url": "https://github.com/sponsors/ayuhito"
      }
    },
    "node_modules/@fontsource-variable/bricolage-grotesque": {
      "version": "5.3.0",
      "resolved": "https://registry.npmjs.org/@fontsource-variable/bricolage-grotesque/-/bricolage-grotesque-5.3.0.tgz",
      "integrity": "sha512-TLi9Q4hJjS2UvoTMRSS2nHu6c4R56lAw60NR9QYtVRCHn0XtsFpiEhNffZ8Glsoxu6wEEwLKBP8lb94J52PNBA==",
      "license": "OFL-1.1",
      "funding": {
        "url": "https://github.com/sponsors/ayuhito"
      }
    },
    "node_modules/@fontsource-variable/caveat": {
      "version": "5.3.0",
      "resolved": "https://registry.npmjs.org/@fontsource-variable/caveat/-/caveat-5.3.0.tgz",
      "integrity": "sha512-Q3mjghoYIlXgwqBPJKZ4q6f3zu921Gq7UU76r9Z+NAmhapHfX130GIFpOCYf8vt2SIcgCi9RHDT7anfJKg/kiA==",
      "license": "OFL-1.1",
      "funding": {
        "url": "https://github.com/sponsors/ayuhito"
      }
    },
    "node_modules/@fontsource-variable/ibm-plex-sans": {
      "version": "5.3.0",
      "resolved": "https://registry.npmjs.org/@fontsource-variable/ibm-plex-sans/-/ibm-plex-sans-5.3.0.tgz",
      "integrity": "sha512-agG8tXFEo0hD9+J7npa4vbbWult52eMLVaQ6WQRlhs/iCAojrMAoejru85W9HTVXHfyUj96KM7gp/KGAS87XaQ==",
      "license": "OFL-1.1",
      "funding": {
        "url": "https://github.com/sponsors/ayuhito"
      }
    },
    "node_modules/@fontsource-variable/inter-tight": {
      "version": "5.3.0",
      "resolved": "https://registry.npmjs.org/@fontsource-variable/inter-tight/-/inter-tight-5.3.0.tgz",
      "integrity": "sha512-ZhZZ29sNZ15P1K+cUt13GeBRYON0akgmNiftshUeDLos7X7zGcRgPzt434879Xhq1QbwlW3M/apBMk7jWabwvA==",
      "license": "OFL-1.1",
      "funding": {
        "url": "https://github.com/sponsors/ayuhito"
      }
    },
    "node_modules/@fontsource-variable/jetbrains-mono": {
      "version": "5.3.0",
      "resolved": "https://registry.npmjs.org/@fontsource-variable/jetbrains-mono/-/jetbrains-mono-5.3.0.tgz",
      "integrity": "sha512-F32xpS2NsGYoQi2ADSkKTgpJj7ozajsGgDJ8woTnqjmIB+dxDIqImjl4pXZVEExu8UFZ2ndhmX18EBS/hdz3Lw==",
      "license": "OFL-1.1",
      "funding": {
        "url": "https://github.com/sponsors/ayuhito"
      }
    },
    "node_modules/@fontsource-variable/literata": {
      "version": "5.3.0",
      "resolved": "https://registry.npmjs.org/@fontsource-variable/literata/-/literata-5.3.0.tgz",
      "integrity": "sha512-1Jw7xvOcoGyB83lxB2nG4bfNbqtX2/TTbdh9sHAOmU064SvmSdulDtA5RBu5JYWf64fdaKX7xU+z3GO1T2bCHA==",
      "license": "OFL-1.1",
      "funding": {
        "url": "https://github.com/sponsors/ayuhito"
      }
    },
    "node_modules/@fontsource-variable/noto-sans-mono": {
      "version": "5.3.0",
      "resolved": "https://registry.npmjs.org/@fontsource-variable/noto-sans-mono/-/noto-sans-mono-5.3.0.tgz",
      "integrity": "sha512-EgozyWG4nG2U1OT+zfdyHP1L8O0fUFMUBOilVF9urTshqIdfeGV9/FUQxaNHdPvHtV1cQCs1Ql0W1q93SiPK2w==",
      "license": "OFL-1.1",
      "funding": {
        "url": "https://github.com/sponsors/ayuhito"
      }
    },
    "node_modules/@fontsource-variable/noto-serif": {
      "version": "5.3.0",
      "resolved": "https://registry.npmjs.org/@fontsource-variable/noto-serif/-/noto-serif-5.3.0.tgz",
      "integrity": "sha512-GxGAScLRifXH02gDoJGroO/NIX83It7m1TYPPp1bhNPaii6/+GBYKxl/uL5GabFe0PBfiUV92wA4MdMdEDUu6A==",
      "license": "OFL-1.1",
      "funding": {
        "url": "https://github.com/sponsors/ayuhito"
      }
    },
    "node_modules/@fontsource-variable/orbitron": {
      "version": "5.3.0",
      "resolved": "https://registry.npmjs.org/@fontsource-variable/orbitron/-/orbitron-5.3.0.tgz",
      "integrity": "sha512-KwW0YX1DJNqF0v86W1hZonuauypCFaltGdpB6qwCeu5bUyHoFpeZ84aAjChZSRF7RWZFithg/il0nMwYxJgqDA==",
      "license": "OFL-1.1",
      "funding": {
        "url": "https://github.com/sponsors/ayuhito"
      }
    },
    "node_modules/@fontsource-variable/oswald": {
      "version": "5.3.0",
      "resolved": "https://registry.npmjs.org/@fontsource-variable/oswald/-/oswald-5.3.0.tgz",
      "integrity": "sha512-sSZzcTeaQGNyZbTVlS4tNNHElK38UktFLqKd6NQDLFCBV27320rQC3kXSZVytYm1PPjKmPxqVaGwqj7LEKUWQw==",
      "license": "OFL-1.1",
      "funding": {
        "url": "https://github.com/sponsors/ayuhito"
      }
    },
    "node_modules/@fontsource-variable/pixelify-sans": {
      "version": "5.3.0",
      "resolved": "https://registry.npmjs.org/@fontsource-variable/pixelify-sans/-/pixelify-sans-5.3.0.tgz",
      "integrity": "sha512-rOF07QCyHg9xb4UZF3lpXOM4UO+zo3y8tXvO7T+vy40GVt/GU8HL+/YWE029CMsbhOwk4plRDY9G8BU5cWs1ig==",
      "license": "OFL-1.1",
      "funding": {
        "url": "https://github.com/sponsors/ayuhito"
      }
    },
    "node_modules/@fontsource-variable/roboto-serif": {
      "version": "5.3.0",
      "resolved": "https://registry.npmjs.org/@fontsource-variable/roboto-serif/-/roboto-serif-5.3.0.tgz",
      "integrity": "sha512-MOZEZkrYvhCPuUPsZeWzOeXPlEbfhHUgg7nPIiUWVZnJt3TF2CU1Gpavlf1YIjl0SejsD0OJOExAYXg48D47bw==",
      "license": "OFL-1.1",
      "funding": {
        "url": "https://github.com/sponsors/ayuhito"
      }
    },
    "node_modules/@fontsource-variable/shantell-sans": {
      "version": "5.3.0",
      "resolved": "https://registry.npmjs.org/@fontsource-variable/shantell-sans/-/shantell-sans-5.3.0.tgz",
      "integrity": "sha512-FPdHvSi6cngE/DMVCm7Xlls70U0b4/NMJLlcAPvVoq6eot1X8tNOZMRc22Rh9KoAfmmBz7yjsSXvpsYmkhXXVQ==",
      "license": "OFL-1.1",
      "funding": {
        "url": "https://github.com/sponsors/ayuhito"
      }
    },
    "node_modules/@fontsource-variable/source-serif-4": {
      "version": "5.3.0",
      "resolved": "https://registry.npmjs.org/@fontsource-variable/source-serif-4/-/source-serif-4-5.3.0.tgz",
      "integrity": "sha512-9vch9WqxjaaA+1o9Ur8pOgIGbCYLjRReOUel23A6lOpD1syptgjtkORevvNmldJ5kGXQL29onQUqI5Ltz0s3bQ==",
      "license": "OFL-1.1",
      "funding": {
        "url": "https://github.com/sponsors/ayuhito"
      }
    },
    "node_modules/@fontsource-variable/space-grotesk": {
      "version": "5.3.0",
      "resolved": "https://registry.npmjs.org/@fontsource-variable/space-grotesk/-/space-grotesk-5.3.0.tgz",
      "integrity": "sha512-2IxmvfB08i9vnGB3Ym/AXvhRE+8XOjWMXIyDum03c+tPwH0FUoMNQfGpU8NXPxjbws0Vvss3AH0Zqt4oJBBAdw==",
      "license": "OFL-1.1",
      "funding": {
        "url": "https://github.com/sponsors/ayuhito"
      }
    },
    "node_modules/@fontsource-variable/syne": {
      "version": "5.3.0",
      "resolved": "https://registry.npmjs.org/@fontsource-variable/syne/-/syne-5.3.0.tgz",
      "integrity": "sha512-GUNH65fUfWHQcX7bO0BGgScE465gawpTId45aDfhHcVj/upbb6b+2d++5keKP128vK8+LtE4dvLkKTsxoh7TwA==",
      "license": "OFL-1.1",
      "funding": {
        "url": "https://github.com/sponsors/ayuhito"
      }
    },
    "node_modules/@fontsource-variable/unbounded": {
      "version": "5.3.0",
      "resolved": "https://registry.npmjs.org/@fontsource-variable/unbounded/-/unbounded-5.3.0.tgz",
      "integrity": "sha512-ea565Ncn4r7gPdBEHcmaF31V11hDfkL7b/JCklLobQbMfbu2ZZQrVWNgdeEFWFLqNh36yhieZWOgxdAnMTzrLg==",
      "license": "OFL-1.1",
      "funding": {
        "url": "https://github.com/sponsors/ayuhito"
      }
    },
    "node_modules/@fontsource/abril-fatface": {
      "version": "5.3.0",
      "resolved": "https://registry.npmjs.org/@fontsource/abril-fatface/-/abril-fatface-5.3.0.tgz",
      "integrity": "sha512-voKCJEhGGZNdlk+OS3uFRSDV/HWbs6TAy7qKe9wXq96Uzwadfksyk5eyXLa1T5FkEazBgpHRMRSFBKfA3rbKbg==",
      "license": "OFL-1.1",
      "funding": {
        "url": "https://github.com/sponsors/ayuhito"
      }
    },
    "node_modules/@fontsource/alfa-slab-one": {
      "version": "5.3.0",
      "resolved": "https://registry.npmjs.org/@fontsource/alfa-slab-one/-/alfa-slab-one-5.3.0.tgz",
      "integrity": "sha512-J/ANFZ7S9CbZClr/QhMjmBtpFmmKipVkEXHj20aurR5uqJPCBChVPJn1/kx6vtrwnfnDY0kQaYSTYasSt4GruA==",
      "license": "OFL-1.1",
      "funding": {
        "url": "https://github.com/sponsors/ayuhito"
      }
    },
    "node_modules/@fontsource/amatic-sc": {
      "version": "5.3.0",
      "resolved": "https://registry.npmjs.org/@fontsource/amatic-sc/-/amatic-sc-5.3.0.tgz",
      "integrity": "sha512-qGAftmq7o21ViixCApztfLOe6TP0VFp3x9ac5KVTwBqW6SU8YJeGWgcLHOfBkooAI+/411R/flMqXos8GseNkA==",
      "license": "OFL-1.1",
      "funding": {
        "url": "https://github.com/sponsors/ayuhito"
      }
    },
    "node_modules/@fontsource/anton": {
      "version": "5.3.0",
      "resolved": "https://registry.npmjs.org/@fontsource/anton/-/anton-5.3.0.tgz",
      "integrity": "sha512-OR1D5n124n2XRs66SbX7IjcOSptljEJE8FcDNnlni2y1/M6KpTx7cU2PIWzTSsBj4WFkHPw24On8qw3qkQZuTw==",
      "license": "OFL-1.1",
      "funding": {
        "url": "https://github.com/sponsors/ayuhito"
      }
    },
    "node_modules/@fontsource/archivo-black": {
      "version": "5.3.0",
      "resolved": "https://registry.npmjs.org/@fontsource/archivo-black/-/archivo-black-5.3.0.tgz",
      "integrity": "sha512-7EsTIQ+Blf96ktpzTUpI7msi+u9/AJxM/GZxOSkEubVd1jSTrFSTNxMgfpX/8rQsjZ+19a+qvRbtcTEp5J/72g==",
      "license": "OFL-1.1",
      "funding": {
        "url": "https://github.com/sponsors/ayuhito"
      }
    },
    "node_modules/@fontsource/bebas-neue": {
      "version": "5.3.0",
      "resolved": "https://registry.npmjs.org/@fontsource/bebas-neue/-/bebas-neue-5.3.0.tgz",
      "integrity": "sha512-nCxMEb9Bg9sjNWm9TIOsvHKDMLRUfEZPWpLgYu6m9KavZZVSA/WoHzI5wROwqA+eNwEi/PNBAcB5Co7HA3S0Cw==",
      "license": "OFL-1.1",
      "funding": {
        "url": "https://github.com/sponsors/ayuhito"
      }
    },
    "node_modules/@fontsource/caveat-brush": {
      "version": "5.3.0",
      "resolved": "https://registry.npmjs.org/@fontsource/caveat-brush/-/caveat-brush-5.3.0.tgz",
      "integrity": "sha512-BHSP/9EKNUtnSj7h4TXuYKOrQWgnkCGm7QMHYiie0xSxtlWKbND6wLkhAgwUtUpbz5k8XL8CWPRrL6tDV+JC8w==",
      "license": "OFL-1.1",
      "funding": {
        "url": "https://github.com/sponsors/ayuhito"
      }
    },
    "node_modules/@fontsource/chakra-petch": {
      "version": "5.3.0",
      "resolved": "https://registry.npmjs.org/@fontsource/chakra-petch/-/chakra-petch-5.3.0.tgz",
      "integrity": "sha512-QZvbM/q2R6n1pg2x+TJPftZmBNS+ADU37L4Z4L/6UJIz+JZ/SRaEf8usPFRiP7Ht28sIideMu/Bm1SnGlSrwNw==",
      "license": "OFL-1.1",
      "funding": {
        "url": "https://github.com/sponsors/ayuhito"
      }
    },
    "node_modules/@fontsource/dm-serif-display": {
      "version": "5.3.0",
      "resolved": "https://registry.npmjs.org/@fontsource/dm-serif-display/-/dm-serif-display-5.3.0.tgz",
      "integrity": "sha512-ecRclUcYeto9fB7ghkB36H4MtUoaUYFjjornWYYeLCMHzaWEDPk2kIWgZOq0mKBNRxclRSieKcFeLonlMYDTKg==",
      "license": "OFL-1.1",
      "funding": {
        "url": "https://github.com/sponsors/ayuhito"
      }
    },
    "node_modules/@fontsource/instrument-serif": {
      "version": "5.3.0",
      "resolved": "https://registry.npmjs.org/@fontsource/instrument-serif/-/instrument-serif-5.3.0.tgz",
      "integrity": "sha512-mDiaIg0u67sYV59fie92Wz4sM8UiVlbL7fLxnFPCKkX15DMASEnQTREbaP5S5/3DCcsoAOcQ0sV9E4AeY4QqYQ==",
      "license": "OFL-1.1",
      "funding": {
        "url": "https://github.com/sponsors/ayuhito"
      }
    },
    "node_modules/@fontsource/kalam": {
      "version": "5.3.0",
      "resolved": "https://registry.npmjs.org/@fontsource/kalam/-/kalam-5.3.0.tgz",
      "integrity": "sha512-FDkVoDfPDCSN/eO81FOYtUI67eMgpVBJmjBtAqSL0PmEhJyeFY2biC+CR+yEttksgXR9+swpFdYmQTyjwBq80Q==",
      "license": "OFL-1.1",
      "funding": {
        "url": "https://github.com/sponsors/ayuhito"
      }
    },
    "node_modules/@fontsource/patrick-hand": {
      "version": "5.3.0",
      "resolved": "https://registry.npmjs.org/@fontsource/patrick-hand/-/patrick-hand-5.3.0.tgz",
      "integrity": "sha512-V8C38IlIFfdWg0Xtri3F7sLCVpm069rUwn6w4n+oyn38gt7H4arOJmuReg3tAw1Q6jHqZp89wTnAAJagq4Atxw==",
      "license": "OFL-1.1",
      "funding": {
        "url": "https://github.com/sponsors/ayuhito"
      }
    },
    "node_modules/@fontsource/prata": {
      "version": "5.3.0",
      "resolved": "https://registry.npmjs.org/@fontsource/prata/-/prata-5.3.0.tgz",
      "integrity": "sha512-8f3WPCd930Cv1QoP1dSX/b86psNNIWd/8R7Dd1HmWn95Am5X795bqkEpinPJofcTBxPfleszkM5c0vc2amg2Ew==",
      "license": "OFL-1.1",
      "funding": {
        "url": "https://github.com/sponsors/ayuhito"
      }
    },
    "node_modules/@fontsource/press-start-2p": {
      "version": "5.3.0",
      "resolved": "https://registry.npmjs.org/@fontsource/press-start-2p/-/press-start-2p-5.3.0.tgz",
      "integrity": "sha512-gxWFxdeDglPhEYSwEeooomcaFK8kSQYLQwVxfnOJeYRj2sPEHXjpVtFgEaYfqzOjuAJGrIcJOipu2KY5YkbyuQ==",
      "license": "OFL-1.1",
      "funding": {
        "url": "https://github.com/sponsors/ayuhito"
      }
    },
    "node_modules/@fontsource/rubik-mono-one": {
      "version": "5.3.0",
      "resolved": "https://registry.npmjs.org/@fontsource/rubik-mono-one/-/rubik-mono-one-5.3.0.tgz",
      "integrity": "sha512-ReaCXaIKJAFdJAUaw8Gq3qXC9od7JotgqZFsVnwp06KqnBFtrX9qdeUvBdL+7avyUTic20gmzSH0NtEC6xAbDQ==",
      "license": "OFL-1.1",
      "funding": {
        "url": "https://github.com/sponsors/ayuhito"
      }
    },
    "node_modules/@fontsource/silkscreen": {
      "version": "5.3.0",
      "resolved": "https://registry.npmjs.org/@fontsource/silkscreen/-/silkscreen-5.3.0.tgz",
      "integrity": "sha512-M1NQ3LQH0LFNvyFPd/piHEGMImPPtpLglNnLC6Vdcq9kL0jNIOtTQmksAWCc4enbDnw1OnIpZtjNEfRqYm/QmA==",
      "license": "OFL-1.1",
      "funding": {
        "url": "https://github.com/sponsors/ayuhito"
      }
    },
    "node_modules/@fontsource/space-mono": {
      "version": "5.3.0",
      "resolved": "https://registry.npmjs.org/@fontsource/space-mono/-/space-mono-5.3.0.tgz",
      "integrity": "sha512-FrpBMOVWn3PRdRHlrZWC55X3kZG/2BTH7SM5ZyS/bky3iKya2BturI5lk+t0RoDQL2JyHzURsVq/EisCsxpI5A==",
      "license": "OFL-1.1",
      "funding": {
        "url": "https://github.com/sponsors/ayuhito"
      }
    },
    "node_modules/@fontsource/staatliches": {
      "version": "5.3.0",
      "resolved": "https://registry.npmjs.org/@fontsource/staatliches/-/staatliches-5.3.0.tgz",
      "integrity": "sha512-vYQgZ76FapaXZeiZQLUqy49+XmpyPLNgOsmqqqyX8pMFvb+rdODYDtc/vIgO/g5oTsESnSoD85DQozd8D6mUEA==",
      "license": "OFL-1.1",
      "funding": {
        "url": "https://github.com/sponsors/ayuhito"
      }
    },
    "node_modules/@fontsource/vt323": {
      "version": "5.3.0",
      "resolved": "https://registry.npmjs.org/@fontsource/vt323/-/vt323-5.3.0.tgz",
      "integrity": "sha512-3w33Rg/0+R1587HQfz4t7Q7e0GGeCqr3wmzIwqdGInUnrGEwMA5eX39GP4Z9wpTQnwfhVOhYuxuRwRUeIcicbw==",
      "license": "OFL-1.1",
      "funding": {
        "url": "https://github.com/sponsors/ayuhito"
      }
    },
    "node_modules/@fontsource/yeseva-one": {
      "version": "5.3.0",
      "resolved": "https://registry.npmjs.org/@fontsource/yeseva-one/-/yeseva-one-5.3.0.tgz",
      "integrity": "sha512-9R6Rk4nInFQnnoghsjsGN+3EqE9Pb4OjfV9rUy20uqFGjs7r1Z/miSVvM0HMYK21y1RVIzALCtuHifCfzN/gSw==",
      "license": "OFL-1.1",
      "funding": {
        "url": "https://github.com/sponsors/ayuhito"
      }
    },
    "node_modules/@fontsource/young-serif": {
      "version": "5.3.0",
      "resolved": "https://registry.npmjs.org/@fontsource/young-serif/-/young-serif-5.3.0.tgz",
      "integrity": "sha512-/ay2kPm7QzGKW/9tL7UVh+B5meX3J6gh2PLnHV2ohlIbQSMRGTuyzNNVWpzsHc3P3bcpMm1IPfuO7GRtFrXWvQ==",
      "license": "OFL-1.1",
      "funding": {
        "url": "https://github.com/sponsors/ayuhito"
      }
    },
    "node_modules/@fortawesome/fontawesome-free": {
      "version": "7.3.1",
      "resolved": "https://registry.npmjs.org/@fortawesome/fontawesome-free/-/fontawesome-free-7.3.1.tgz",
      "integrity": "sha512-wmglKKPDIkgV3aWlZzWECCPoGIkYCulzBwxG9+w7rc5BGapZ6cPMpoPOT8k36J0Ni7PPX6c/rsoMWfS4d1MUMg==",
      "dev": true,
      "license": "(CC-BY-4.0 AND OFL-1.1 AND MIT)",
      "engines": {
        "node": ">=6"
      }
    },
    "node_modules/@shikijs/core": {
      "version": "4.0.2",
      "resolved": "https://registry.npmjs.org/@shikijs/core/-/core-4.0.2.tgz",
      "integrity": "sha512-hxT0YF4ExEqB8G/qFdtJvpmHXBYJ2lWW7qTHDarVkIudPFE6iCIrqdgWxGn5s+ppkGXI0aEGlibI0PAyzP3zlw==",
      "license": "MIT",
      "dependencies": {
        "@shikijs/primitive": "4.0.2",
        "@shikijs/types": "4.0.2",
        "@shikijs/vscode-textmate": "^10.0.2",
        "@types/hast": "^3.0.4",
        "hast-util-to-html": "^9.0.5"
      },
      "engines": {
        "node": ">=20"
      }
    },
    "node_modules/@shikijs/engine-javascript": {
      "version": "4.0.2",
      "resolved": "https://registry.npmjs.org/@shikijs/engine-javascript/-/engine-javascript-4.0.2.tgz",
      "integrity": "sha512-7PW0Nm49DcoUIQEXlJhNNBHyoGMjalRETTCcjMqEaMoJRLljy1Bi/EGV3/qLBgLKQejdspiiYuHGQW6dX94Nag==",
      "license": "MIT",
      "dependencies": {
        "@shikijs/types": "4.0.2",
        "@shikijs/vscode-textmate": "^10.0.2",
        "oniguruma-to-es": "^4.3.4"
      },
      "engines": {
        "node": ">=20"
      }
    },
    "node_modules/@shikijs/engine-oniguruma": {
      "version": "4.0.2",
      "resolved": "https://registry.npmjs.org/@shikijs/engine-oniguruma/-/engine-oniguruma-4.0.2.tgz",
      "integrity": "sha512-UpCB9Y2sUKlS9z8juFSKz7ZtysmeXCgnRF0dlhXBkmQnek7lAToPte8DkxmEYGNTMii72zU/lyXiCB6StuZeJg==",
      "license": "MIT",
      "dependencies": {
        "@shikijs/types": "4.0.2",
        "@shikijs/vscode-textmate": "^10.0.2"
      },
      "engines": {
        "node": ">=20"
      }
    },
    "node_modules/@shikijs/langs": {
      "version": "4.0.2",
      "resolved": "https://registry.npmjs.org/@shikijs/langs/-/langs-4.0.2.tgz",
      "integrity": "sha512-KaXby5dvoeuZzN0rYQiPMjFoUrz4hgwIE+D6Du9owcHcl6/g16/yT5BQxSW5cGt2MZBz6Hl0YuRqf12omRfUUg==",
      "license": "MIT",
      "dependencies": {
        "@shikijs/types": "4.0.2"
      },
      "engines": {
        "node": ">=20"
      }
    },
    "node_modules/@shikijs/primitive": {
      "version": "4.0.2",
      "resolved": "https://registry.npmjs.org/@shikijs/primitive/-/primitive-4.0.2.tgz",
      "integrity": "sha512-M6UMPrSa3fN5ayeJwFVl9qWofl273wtK1VG8ySDZ1mQBfhCpdd8nEx7nPZ/tk7k+TYcpqBZzj/AnwxT9lO+HJw==",
      "license": "MIT",
      "dependencies": {
        "@shikijs/types": "4.0.2",
        "@shikijs/vscode-textmate": "^10.0.2",
        "@types/hast": "^3.0.4"
      },
      "engines": {
        "node": ">=20"
      }
    },
    "node_modules/@shikijs/themes": {
      "version": "4.0.2",
      "resolved": "https://registry.npmjs.org/@shikijs/themes/-/themes-4.0.2.tgz",
      "integrity": "sha512-mjCafwt8lJJaVSsQvNVrJumbnnj1RI8jbUKrPKgE6E3OvQKxnuRoBaYC51H4IGHePsGN/QtALglWBU7DoKDFnA==",
      "license": "MIT",
      "dependencies": {
        "@shikijs/types": "4.0.2"
      },
      "engines": {
        "node": ">=20"
      }
    },
    "node_modules/@shikijs/types": {
      "version": "4.0.2",
      "resolved": "https://registry.npmjs.org/@shikijs/types/-/types-4.0.2.tgz",
      "integrity": "sha512-qzbeRooUTPnLE+sHD/Z8DStmaDgnbbc/pMrU203950aRqjX/6AFHeDYT+j00y2lPdz0ywJKx7o/7qnqTivtlXg==",
      "license": "MIT",
      "dependencies": {
        "@shikijs/vscode-textmate": "^10.0.2",
        "@types/hast": "^3.0.4"
      },
      "engines": {
        "node": ">=20"
      }
    },
    "node_modules/@shikijs/vscode-textmate": {
      "version": "10.0.2",
      "resolved": "https://registry.npmjs.org/@shikijs/vscode-textmate/-/vscode-textmate-10.0.2.tgz",
      "integrity": "sha512-83yeghZ2xxin3Nj8z1NMd/NCuca+gsYXswywDy5bHvwlWL8tpTQmzGeUuHd9FC3E/SBEMvzJRwWEOz5gGes9Qg==",
      "license": "MIT"
    },
    "node_modules/@types/hast": {
      "version": "3.0.4",
      "resolved": "https://registry.npmjs.org/@types/hast/-/hast-3.0.4.tgz",
      "integrity": "sha512-WPs+bbQw5aCj+x6laNGWLH3wviHtoCv/P3+otBhbOhJgG8qtpdAMlTCxLtsTWA7LH1Oh/bFCHsBn0TPS5m30EQ==",
      "license": "MIT",
      "dependencies": {
        "@types/unist": "*"
      }
    },
    "node_modules/@types/mdast": {
      "version": "4.0.4",
      "resolved": "https://registry.npmjs.org/@types/mdast/-/mdast-4.0.4.tgz",
      "integrity": "sha512-kGaNbPh1k7AFzgpud/gMdvIm5xuECykRR+JnWKQno9TAXVa6WIVCGTPvYGekIDL4uwCZQSYbUxNBSb1aUo79oA==",
      "license": "MIT",
      "dependencies": {
        "@types/unist": "*"
      }
    },
    "node_modules/@types/unist": {
      "version": "3.0.3",
      "resolved": "https://registry.npmjs.org/@types/unist/-/unist-3.0.3.tgz",
      "integrity": "sha512-ko/gIFJRv177XgZsZcBwnqJN5x/Gien8qNOn0D5bQU/zAzVf9Zt3BlcUiLqhV9y4ARk0GbT3tnUiPNgnTXzc/Q==",
      "license": "MIT"
    },
    "node_modules/@ungap/structured-clone": {
      "version": "1.3.0",
      "resolved": "https://registry.npmjs.org/@ungap/structured-clone/-/structured-clone-1.3.0.tgz",
      "integrity": "sha512-WmoN8qaIAo7WTYWbAZuG8PYEhn5fkz7dZrqTBZ7dtt//lL2Gwms1IcnQ5yHqjDfX8Ft5j4YzDM23f87zBfDe9g==",
      "license": "ISC"
    },
    "node_modules/argparse": {
      "version": "1.0.10",
      "resolved": "https://registry.npmjs.org/argparse/-/argparse-1.0.10.tgz",
      "integrity": "sha512-o5Roy6tNG4SL/FOkCAN6RzjiakZS25RLYFrcMttJqbdd8BWrnA+fGz57iN5Pb06pvBGvl5gQ0B48dJlslXvoTg==",
      "license": "MIT",
      "dependencies": {
        "sprintf-js": "~1.0.2"
      }
    },
    "node_modules/ccount": {
      "version": "2.0.1",
      "resolved": "https://registry.npmjs.org/ccount/-/ccount-2.0.1.tgz",
      "integrity": "sha512-eyrF0jiFpY+3drT6383f1qhkbGsLSifNAjA61IUjZjmLCWjItY6LB9ft9YhoDgwfmclB2zhu51Lc7+95b8NRAg==",
      "license": "MIT",
      "funding": {
        "type": "github",
        "url": "https://github.com/sponsors/wooorm"
      }
    },
    "node_modules/character-entities-html4": {
      "version": "2.1.0",
      "resolved": "https://registry.npmjs.org/character-entities-html4/-/character-entities-html4-2.1.0.tgz",
      "integrity": "sha512-1v7fgQRj6hnSwFpq1Eu0ynr/CDEw0rXo2B61qXrLNdHZmPKgb7fqS1a2JwF0rISo9q77jDI8VMEHoApn8qDoZA==",
      "license": "MIT",
      "funding": {
        "type": "github",
        "url": "https://github.com/sponsors/wooorm"
      }
    },
    "node_modules/character-entities-legacy": {
      "version": "3.0.0",
      "resolved": "https://registry.npmjs.org/character-entities-legacy/-/character-entities-legacy-3.0.0.tgz",
      "integrity": "sha512-RpPp0asT/6ufRm//AJVwpViZbGM/MkjQFxJccQRHmISF/22NBtsHqAWmL+/pmkPWoIUJdWyeVleTl1wydHATVQ==",
      "license": "MIT",
      "funding": {
        "type": "github",
        "url": "https://github.com/sponsors/wooorm"
      }
    },
    "node_modules/comma-separated-tokens": {
      "version": "2.0.3",
      "resolved": "https://registry.npmjs.org/comma-separated-tokens/-/comma-separated-tokens-2.0.3.tgz",
      "integrity": "sha512-Fu4hJdvzeylCfQPp9SGWidpzrMs7tTrlu6Vb8XGaRGck8QSNZJJp538Wrb60Lax4fPwR64ViY468OIUTbRlGZg==",
      "license": "MIT",
      "funding": {
        "type": "github",
        "url": "https://github.com/sponsors/wooorm"
      }
    },
    "node_modules/commander": {
      "version": "8.3.0",
      "resolved": "https://registry.npmjs.org/commander/-/commander-8.3.0.tgz",
      "integrity": "sha512-OkTL9umf+He2DZkUq8f8J9of7yL6RJKI24dVITBmNfZBmri9zYZQrKkuXiKhyfPSu8tUhnVBB1iKXevvnlR4Ww==",
      "license": "MIT",
      "engines": {
        "node": ">= 12"
      }
    },
    "node_modules/dequal": {
      "version": "2.0.3",
      "resolved": "https://registry.npmjs.org/dequal/-/dequal-2.0.3.tgz",
      "integrity": "sha512-0je+qPKHEMohvfRTCEo3CrPG6cAzAYgmzKyxRiYSSDkS6eGJdyVJm7WaYA5ECaAD9wLB2T4EEeymA5aFVcYXCA==",
      "license": "MIT",
      "engines": {
        "node": ">=6"
      }
    },
    "node_modules/devlop": {
      "version": "1.1.0",
      "resolved": "https://registry.npmjs.org/devlop/-/devlop-1.1.0.tgz",
      "integrity": "sha512-RWmIqhcFf1lRYBvNmr7qTNuyCt/7/ns2jbpp1+PalgE/rDQcBT0fioSMUpJ93irlUhC5hrg4cYqe6U+0ImW0rA==",
      "license": "MIT",
      "dependencies": {
        "dequal": "^2.0.0"
      },
      "funding": {
        "type": "github",
        "url": "https://github.com/sponsors/wooorm"
      }
    },
    "node_modules/esprima": {
      "version": "4.0.1",
      "resolved": "https://registry.npmjs.org/esprima/-/esprima-4.0.1.tgz",
      "integrity": "sha512-eGuFFw7Upda+g4p+QHvnW0RyTX/SVeJBDM/gCtMARO0cLuT2HcEKnTPvhjV6aGeqrCB/sbNop0Kszm0jsaWU4A==",
      "license": "BSD-2-Clause",
      "bin": {
        "esparse": "bin/esparse.js",
        "esvalidate": "bin/esvalidate.js"
      },
      "engines": {
        "node": ">=4"
      }
    },
    "node_modules/extend-shallow": {
      "version": "2.0.1",
      "resolved": "https://registry.npmjs.org/extend-shallow/-/extend-shallow-2.0.1.tgz",
      "integrity": "sha512-zCnTtlxNoAiDc3gqY2aYAWFx7XWWiasuF2K8Me5WbN8otHKTUKBwjPtNpRs/rbUZm7KxWAaNj7P1a/p52GbVug==",
      "license": "MIT",
      "dependencies": {
        "is-extendable": "^0.1.0"
      },
      "engines": {
        "node": ">=0.10.0"
      }
    },
    "node_modules/gray-matter": {
      "version": "4.0.3",
      "resolved": "https://registry.npmjs.org/gray-matter/-/gray-matter-4.0.3.tgz",
      "integrity": "sha512-5v6yZd4JK3eMI3FqqCouswVqwugaA9r4dNZB1wwcmrD02QkV5H0y7XBQW8QwQqEaZY1pM9aqORSORhJRdNK44Q==",
      "license": "MIT",
      "dependencies": {
        "js-yaml": "^3.13.1",
        "kind-of": "^6.0.2",
        "section-matter": "^1.0.0",
        "strip-bom-string": "^1.0.0"
      },
      "engines": {
        "node": ">=6.0"
      }
    },
    "node_modules/hast-util-to-html": {
      "version": "9.0.5",
      "resolved": "https://registry.npmjs.org/hast-util-to-html/-/hast-util-to-html-9.0.5.tgz",
      "integrity": "sha512-OguPdidb+fbHQSU4Q4ZiLKnzWo8Wwsf5bZfbvu7//a9oTYoqD/fWpe96NuHkoS9h0ccGOTe0C4NGXdtS0iObOw==",
      "license": "MIT",
      "dependencies": {
        "@types/hast": "^3.0.0",
        "@types/unist": "^3.0.0",
        "ccount": "^2.0.0",
        "comma-separated-tokens": "^2.0.0",
        "hast-util-whitespace": "^3.0.0",
        "html-void-elements": "^3.0.0",
        "mdast-util-to-hast": "^13.0.0",
        "property-information": "^7.0.0",
        "space-separated-tokens": "^2.0.0",
        "stringify-entities": "^4.0.0",
        "zwitch": "^2.0.4"
      },
      "funding": {
        "type": "opencollective",
        "url": "https://opencollective.com/unified"
      }
    },
    "node_modules/hast-util-whitespace": {
      "version": "3.0.0",
      "resolved": "https://registry.npmjs.org/hast-util-whitespace/-/hast-util-whitespace-3.0.0.tgz",
      "integrity": "sha512-88JUN06ipLwsnv+dVn+OIYOvAuvBMy/Qoi6O7mQHxdPXpjy+Cd6xRkWwux7DKO+4sYILtLBRIKgsdpS2gQc7qw==",
      "license": "MIT",
      "dependencies": {
        "@types/hast": "^3.0.0"
      },
      "funding": {
        "type": "opencollective",
        "url": "https://opencollective.com/unified"
      }
    },
    "node_modules/html-void-elements": {
      "version": "3.0.0",
      "resolved": "https://registry.npmjs.org/html-void-elements/-/html-void-elements-3.0.0.tgz",
      "integrity": "sha512-bEqo66MRXsUGxWHV5IP0PUiAWwoEjba4VCzg0LjFJBpchPaTfyfCKTG6bc5F8ucKec3q5y6qOdGyYTSBEvhCrg==",
      "license": "MIT",
      "funding": {
        "type": "github",
        "url": "https://github.com/sponsors/wooorm"
      }
    },
    "node_modules/is-extendable": {
      "version": "0.1.1",
      "resolved": "https://registry.npmjs.org/is-extendable/-/is-extendable-0.1.1.tgz",
      "integrity": "sha512-5BMULNob1vgFX6EjQw5izWDxrecWK9AM72rugNr0TFldMOi0fj6Jk+zeKIt0xGj4cEfQIJth4w3OKWOJ4f+AFw==",
      "license": "MIT",
      "engines": {
        "node": ">=0.10.0"
      }
    },
    "node_modules/js-yaml": {
      "version": "3.14.2",
      "resolved": "https://registry.npmjs.org/js-yaml/-/js-yaml-3.14.2.tgz",
      "integrity": "sha512-PMSmkqxr106Xa156c2M265Z+FTrPl+oxd/rgOQy2tijQeK5TxQ43psO1ZCwhVOSdnn+RzkzlRz/eY4BgJBYVpg==",
      "license": "MIT",
      "dependencies": {
        "argparse": "^1.0.7",
        "esprima": "^4.0.0"
      },
      "bin": {
        "js-yaml": "bin/js-yaml.js"
      }
    },
    "node_modules/katex": {
      "version": "0.18.0",
      "resolved": "https://registry.npmjs.org/katex/-/katex-0.18.0.tgz",
      "integrity": "sha512-rZ4Sw94Oja12Ib4+ee7inAr//yxj0G8RaAlh+ZpzfFhwTifGeJbqJ7D0FStcv6EV8DeNNU9Y8rPeg6vPUizlqg==",
      "funding": [
        "https://opencollective.com/katex",
        "https://github.com/sponsors/katex"
      ],
      "license": "MIT",
      "dependencies": {
        "commander": "^8.3.0"
      },
      "bin": {
        "katex": "cli.js"
      }
    },
    "node_modules/kind-of": {
      "version": "6.0.3",
      "resolved": "https://registry.npmjs.org/kind-of/-/kind-of-6.0.3.tgz",
      "integrity": "sha512-dcS1ul+9tmeD95T+x28/ehLgd9mENa3LsvDTtzm3vyBEO7RPptvAD+t44WVXaUjTBRcrpFeFlC8WCruUR456hw==",
      "license": "MIT",
      "engines": {
        "node": ">=0.10.0"
      }
    },
    "node_modules/marked": {
      "version": "12.0.2",
      "resolved": "https://registry.npmjs.org/marked/-/marked-12.0.2.tgz",
      "integrity": "sha512-qXUm7e/YKFoqFPYPa3Ukg9xlI5cyAtGmyEIzMfW//m6kXwCy2Ps9DYf5ioijFKQ8qyuscrHoY04iJGctu2Kg0Q==",
      "license": "MIT",
      "bin": {
        "marked": "bin/marked.js"
      },
      "engines": {
        "node": ">= 18"
      }
    },
    "node_modules/mdast-util-to-hast": {
      "version": "13.2.1",
      "resolved": "https://registry.npmjs.org/mdast-util-to-hast/-/mdast-util-to-hast-13.2.1.tgz",
      "integrity": "sha512-cctsq2wp5vTsLIcaymblUriiTcZd0CwWtCbLvrOzYCDZoWyMNV8sZ7krj09FSnsiJi3WVsHLM4k6Dq/yaPyCXA==",
      "license": "MIT",
      "dependencies": {
        "@types/hast": "^3.0.0",
        "@types/mdast": "^4.0.0",
        "@ungap/structured-clone": "^1.0.0",
        "devlop": "^1.0.0",
        "micromark-util-sanitize-uri": "^2.0.0",
        "trim-lines": "^3.0.0",
        "unist-util-position": "^5.0.0",
        "unist-util-visit": "^5.0.0",
        "vfile": "^6.0.0"
      },
      "funding": {
        "type": "opencollective",
        "url": "https://opencollective.com/unified"
      }
    },
    "node_modules/micromark-util-character": {
      "version": "2.1.1",
      "resolved": "https://registry.npmjs.org/micromark-util-character/-/micromark-util-character-2.1.1.tgz",
      "integrity": "sha512-wv8tdUTJ3thSFFFJKtpYKOYiGP2+v96Hvk4Tu8KpCAsTMs6yi+nVmGh1syvSCsaxz45J6Jbw+9DD6g97+NV67Q==",
      "funding": [
        {
          "type": "GitHub Sponsors",
          "url": "https://github.com/sponsors/unifiedjs"
        },
        {
          "type": "OpenCollective",
          "url": "https://opencollective.com/unified"
        }
      ],
      "license": "MIT",
      "dependencies": {
        "micromark-util-symbol": "^2.0.0",
        "micromark-util-types": "^2.0.0"
      }
    },
    "node_modules/micromark-util-encode": {
      "version": "2.0.1",
      "resolved": "https://registry.npmjs.org/micromark-util-encode/-/micromark-util-encode-2.0.1.tgz",
      "integrity": "sha512-c3cVx2y4KqUnwopcO9b/SCdo2O67LwJJ/UyqGfbigahfegL9myoEFoDYZgkT7f36T0bLrM9hZTAaAyH+PCAXjw==",
      "funding": [
        {
          "type": "GitHub Sponsors",
          "url": "https://github.com/sponsors/unifiedjs"
        },
        {
          "type": "OpenCollective",
          "url": "https://opencollective.com/unified"
        }
      ],
      "license": "MIT"
    },
    "node_modules/micromark-util-sanitize-uri": {
      "version": "2.0.1",
      "resolved": "https://registry.npmjs.org/micromark-util-sanitize-uri/-/micromark-util-sanitize-uri-2.0.1.tgz",
      "integrity": "sha512-9N9IomZ/YuGGZZmQec1MbgxtlgougxTodVwDzzEouPKo3qFWvymFHWcnDi2vzV1ff6kas9ucW+o3yzJK9YB1AQ==",
      "funding": [
        {
          "type": "GitHub Sponsors",
          "url": "https://github.com/sponsors/unifiedjs"
        },
        {
          "type": "OpenCollective",
          "url": "https://opencollective.com/unified"
        }
      ],
      "license": "MIT",
      "dependencies": {
        "micromark-util-character": "^2.0.0",
        "micromark-util-encode": "^2.0.0",
        "micromark-util-symbol": "^2.0.0"
      }
    },
    "node_modules/micromark-util-symbol": {
      "version": "2.0.1",
      "resolved": "https://registry.npmjs.org/micromark-util-symbol/-/micromark-util-symbol-2.0.1.tgz",
      "integrity": "sha512-vs5t8Apaud9N28kgCrRUdEed4UJ+wWNvicHLPxCa9ENlYuAY31M0ETy5y1vA33YoNPDFTghEbnh6efaE8h4x0Q==",
      "funding": [
        {
          "type": "GitHub Sponsors",
          "url": "https://github.com/sponsors/unifiedjs"
        },
        {
          "type": "OpenCollective",
          "url": "https://opencollective.com/unified"
        }
      ],
      "license": "MIT"
    },
    "node_modules/micromark-util-types": {
      "version": "2.0.2",
      "resolved": "https://registry.npmjs.org/micromark-util-types/-/micromark-util-types-2.0.2.tgz",
      "integrity": "sha512-Yw0ECSpJoViF1qTU4DC6NwtC4aWGt1EkzaQB8KPPyCRR8z9TWeV0HbEFGTO+ZY1wB22zmxnJqhPyTpOVCpeHTA==",
      "funding": [
        {
          "type": "GitHub Sponsors",
          "url": "https://github.com/sponsors/unifiedjs"
        },
        {
          "type": "OpenCollective",
          "url": "https://opencollective.com/unified"
        }
      ],
      "license": "MIT"
    },
    "node_modules/oniguruma-parser": {
      "version": "0.12.1",
      "resolved": "https://registry.npmjs.org/oniguruma-parser/-/oniguruma-parser-0.12.1.tgz",
      "integrity": "sha512-8Unqkvk1RYc6yq2WBYRj4hdnsAxVze8i7iPfQr8e4uSP3tRv0rpZcbGUDvxfQQcdwHt/e9PrMvGCsa8OqG9X3w==",
      "license": "MIT"
    },
    "node_modules/oniguruma-to-es": {
      "version": "4.3.5",
      "resolved": "https://registry.npmjs.org/oniguruma-to-es/-/oniguruma-to-es-4.3.5.tgz",
      "integrity": "sha512-Zjygswjpsewa0NLTsiizVuMQZbp0MDyM6lIt66OxsF21npUDlzpHi1Mgb/qhQdkb+dWFTzJmFbEWdvZgRho8eQ==",
      "license": "MIT",
      "dependencies": {
        "oniguruma-parser": "^0.12.1",
        "regex": "^6.1.0",
        "regex-recursion": "^6.0.2"
      }
    },
    "node_modules/playwright-core": {
      "version": "1.61.1",
      "resolved": "https://registry.npmjs.org/playwright-core/-/playwright-core-1.61.1.tgz",
      "integrity": "sha512-h7Qlt6m4REp25qvIdvbDtVmD4LqVXfpRxhORv9L0jzETM05p4fuPJ3dKyuSXQxDSbXnmS79HAgi9589lGSpLkg==",
      "dev": true,
      "license": "Apache-2.0",
      "bin": {
        "playwright-core": "cli.js"
      },
      "engines": {
        "node": ">=18"
      }
    },
    "node_modules/property-information": {
      "version": "7.1.0",
      "resolved": "https://registry.npmjs.org/property-information/-/property-information-7.1.0.tgz",
      "integrity": "sha512-TwEZ+X+yCJmYfL7TPUOcvBZ4QfoT5YenQiJuX//0th53DE6w0xxLEtfK3iyryQFddXuvkIk51EEgrJQ0WJkOmQ==",
      "license": "MIT",
      "funding": {
        "type": "github",
        "url": "https://github.com/sponsors/wooorm"
      }
    },
    "node_modules/qrcode-generator": {
      "version": "2.0.4",
      "resolved": "https://registry.npmjs.org/qrcode-generator/-/qrcode-generator-2.0.4.tgz",
      "integrity": "sha512-mZSiP6RnbHl4xL2Ap5HfkjLnmxfKcPWpWe/c+5XxCuetEenqmNFf1FH/ftXPCtFG5/TDobjsjz6sSNL0Sr8Z9g==",
      "license": "MIT"
    },
    "node_modules/regex": {
      "version": "6.1.0",
      "resolved": "https://registry.npmjs.org/regex/-/regex-6.1.0.tgz",
      "integrity": "sha512-6VwtthbV4o/7+OaAF9I5L5V3llLEsoPyq9P1JVXkedTP33c7MfCG0/5NOPcSJn0TzXcG9YUrR0gQSWioew3LDg==",
      "license": "MIT",
      "dependencies": {
        "regex-utilities": "^2.3.0"
      }
    },
    "node_modules/regex-recursion": {
      "version": "6.0.2",
      "resolved": "https://registry.npmjs.org/regex-recursion/-/regex-recursion-6.0.2.tgz",
      "integrity": "sha512-0YCaSCq2VRIebiaUviZNs0cBz1kg5kVS2UKUfNIx8YVs1cN3AV7NTctO5FOKBA+UT2BPJIWZauYHPqJODG50cg==",
      "license": "MIT",
      "dependencies": {
        "regex-utilities": "^2.3.0"
      }
    },
    "node_modules/regex-utilities": {
      "version": "2.3.0",
      "resolved": "https://registry.npmjs.org/regex-utilities/-/regex-utilities-2.3.0.tgz",
      "integrity": "sha512-8VhliFJAWRaUiVvREIiW2NXXTmHs4vMNnSzuJVhscgmGav3g9VDxLrQndI3dZZVVdp0ZO/5v0xmX516/7M9cng==",
      "license": "MIT"
    },
    "node_modules/section-matter": {
      "version": "1.0.0",
      "resolved": "https://registry.npmjs.org/section-matter/-/section-matter-1.0.0.tgz",
      "integrity": "sha512-vfD3pmTzGpufjScBh50YHKzEu2lxBWhVEHsNGoEXmCmn2hKGfeNLYMzCJpe8cD7gqX7TJluOVpBkAequ6dgMmA==",
      "license": "MIT",
      "dependencies": {
        "extend-shallow": "^2.0.1",
        "kind-of": "^6.0.0"
      },
      "engines": {
        "node": ">=4"
      }
    },
    "node_modules/shiki": {
      "version": "4.0.2",
      "resolved": "https://registry.npmjs.org/shiki/-/shiki-4.0.2.tgz",
      "integrity": "sha512-eAVKTMedR5ckPo4xne/PjYQYrU3qx78gtJZ+sHlXEg5IHhhoQhMfZVzetTYuaJS0L2Ef3AcCRzCHV8T0WI6nIQ==",
      "license": "MIT",
      "dependencies": {
        "@shikijs/core": "4.0.2",
        "@shikijs/engine-javascript": "4.0.2",
        "@shikijs/engine-oniguruma": "4.0.2",
        "@shikijs/langs": "4.0.2",
        "@shikijs/themes": "4.0.2",
        "@shikijs/types": "4.0.2",
        "@shikijs/vscode-textmate": "^10.0.2",
        "@types/hast": "^3.0.4"
      },
      "engines": {
        "node": ">=20"
      }
    },
    "node_modules/space-separated-tokens": {
      "version": "2.0.2",
      "resolved": "https://registry.npmjs.org/space-separated-tokens/-/space-separated-tokens-2.0.2.tgz",
      "integrity": "sha512-PEGlAwrG8yXGXRjW32fGbg66JAlOAwbObuqVoJpv/mRgoWDQfgH1wDPvtzWyUSNAXBGSk8h755YDbbcEy3SH2Q==",
      "license": "MIT",
      "funding": {
        "type": "github",
        "url": "https://github.com/sponsors/wooorm"
      }
    },
    "node_modules/sprintf-js": {
      "version": "1.0.3",
      "resolved": "https://registry.npmjs.org/sprintf-js/-/sprintf-js-1.0.3.tgz",
      "integrity": "sha512-D9cPgkvLlV3t3IzL0D0YLvGA9Ahk4PcvVwUbN0dSGr1aP0Nrt4AEnTUbuGvquEC0mA64Gqt1fzirlRs5ibXx8g==",
      "license": "BSD-3-Clause"
    },
    "node_modules/stringify-entities": {
      "version": "4.0.4",
      "resolved": "https://registry.npmjs.org/stringify-entities/-/stringify-entities-4.0.4.tgz",
      "integrity": "sha512-IwfBptatlO+QCJUo19AqvrPNqlVMpW9YEL2LIVY+Rpv2qsjCGxaDLNRgeGsQWJhfItebuJhsGSLjaBbNSQ+ieg==",
      "license": "MIT",
      "dependencies": {
        "character-entities-html4": "^2.0.0",
        "character-entities-legacy": "^3.0.0"
      },
      "funding": {
        "type": "github",
        "url": "https://github.com/sponsors/wooorm"
      }
    },
    "node_modules/strip-bom-string": {
      "version": "1.0.0",
      "resolved": "https://registry.npmjs.org/strip-bom-string/-/strip-bom-string-1.0.0.tgz",
      "integrity": "sha512-uCC2VHvQRYu+lMh4My/sFNmF2klFymLX1wHJeXnbEJERpV/ZsVuonzerjfrGpIGF7LBVa1O7i9kjiWvJiFck8g==",
      "license": "MIT",
      "engines": {
        "node": ">=0.10.0"
      }
    },
    "node_modules/trim-lines": {
      "version": "3.0.1",
      "resolved": "https://registry.npmjs.org/trim-lines/-/trim-lines-3.0.1.tgz",
      "integrity": "sha512-kRj8B+YHZCc9kQYdWfJB2/oUl9rA99qbowYYBtr4ui4mZyAQ2JpvVBd/6U2YloATfqBhBTSMhTpgBHtU0Mf3Rg==",
      "license": "MIT",
      "funding": {
        "type": "github",
        "url": "https://github.com/sponsors/wooorm"
      }
    },
    "node_modules/unist-util-is": {
      "version": "6.0.1",
      "resolved": "https://registry.npmjs.org/unist-util-is/-/unist-util-is-6.0.1.tgz",
      "integrity": "sha512-LsiILbtBETkDz8I9p1dQ0uyRUWuaQzd/cuEeS1hoRSyW5E5XGmTzlwY1OrNzzakGowI9Dr/I8HVaw4hTtnxy8g==",
      "license": "MIT",
      "dependencies": {
        "@types/unist": "^3.0.0"
      },
      "funding": {
        "type": "opencollective",
        "url": "https://opencollective.com/unified"
      }
    },
    "node_modules/unist-util-position": {
      "version": "5.0.0",
      "resolved": "https://registry.npmjs.org/unist-util-position/-/unist-util-position-5.0.0.tgz",
      "integrity": "sha512-fucsC7HjXvkB5R3kTCO7kUjRdrS0BJt3M/FPxmHMBOm8JQi2BsHAHFsy27E0EolP8rp0NzXsJ+jNPyDWvOJZPA==",
      "license": "MIT",
      "dependencies": {
        "@types/unist": "^3.0.0"
      },
      "funding": {
        "type": "opencollective",
        "url": "https://opencollective.com/unified"
      }
    },
    "node_modules/unist-util-stringify-position": {
      "version": "4.0.0",
      "resolved": "https://registry.npmjs.org/unist-util-stringify-position/-/unist-util-stringify-position-4.0.0.tgz",
      "integrity": "sha512-0ASV06AAoKCDkS2+xw5RXJywruurpbC4JZSm7nr7MOt1ojAzvyyaO+UxZf18j8FCF6kmzCZKcAgN/yu2gm2XgQ==",
      "license": "MIT",
      "dependencies": {
        "@types/unist": "^3.0.0"
      },
      "funding": {
        "type": "opencollective",
        "url": "https://opencollective.com/unified"
      }
    },
    "node_modules/unist-util-visit": {
      "version": "5.1.0",
      "resolved": "https://registry.npmjs.org/unist-util-visit/-/unist-util-visit-5.1.0.tgz",
      "integrity": "sha512-m+vIdyeCOpdr/QeQCu2EzxX/ohgS8KbnPDgFni4dQsfSCtpz8UqDyY5GjRru8PDKuYn7Fq19j1CQ+nJSsGKOzg==",
      "license": "MIT",
      "dependencies": {
        "@types/unist": "^3.0.0",
        "unist-util-is": "^6.0.0",
        "unist-util-visit-parents": "^6.0.0"
      },
      "funding": {
        "type": "opencollective",
        "url": "https://opencollective.com/unified"
      }
    },
    "node_modules/unist-util-visit-parents": {
      "version": "6.0.2",
      "resolved": "https://registry.npmjs.org/unist-util-visit-parents/-/unist-util-visit-parents-6.0.2.tgz",
      "integrity": "sha512-goh1s1TBrqSqukSc8wrjwWhL0hiJxgA8m4kFxGlQ+8FYQ3C/m11FcTs4YYem7V664AhHVvgoQLk890Ssdsr2IQ==",
      "license": "MIT",
      "dependencies": {
        "@types/unist": "^3.0.0",
        "unist-util-is": "^6.0.0"
      },
      "funding": {
        "type": "opencollective",
        "url": "https://opencollective.com/unified"
      }
    },
    "node_modules/vfile": {
      "version": "6.0.3",
      "resolved": "https://registry.npmjs.org/vfile/-/vfile-6.0.3.tgz",
      "integrity": "sha512-KzIbH/9tXat2u30jf+smMwFCsno4wHVdNmzFyL+T/L3UGqqk6JKfVqOFOZEpZSHADH1k40ab6NUIXZq422ov3Q==",
      "license": "MIT",
      "dependencies": {
        "@types/unist": "^3.0.0",
        "vfile-message": "^4.0.0"
      },
      "funding": {
        "type": "opencollective",
        "url": "https://opencollective.com/unified"
      }
    },
    "node_modules/vfile-message": {
      "version": "4.0.3",
      "resolved": "https://registry.npmjs.org/vfile-message/-/vfile-message-4.0.3.tgz",
      "integrity": "sha512-QTHzsGd1EhbZs4AsQ20JX1rC3cOlt/IWJruk893DfLRr57lcnOeMaWG4K0JrRta4mIJZKth2Au3mM3u03/JWKw==",
      "license": "MIT",
      "dependencies": {
        "@types/unist": "^3.0.0",
        "unist-util-stringify-position": "^4.0.0"
      },
      "funding": {
        "type": "opencollective",
        "url": "https://opencollective.com/unified"
      }
    },
    "node_modules/ws": {
      "version": "8.20.0",
      "resolved": "https://registry.npmjs.org/ws/-/ws-8.20.0.tgz",
      "integrity": "sha512-sAt8BhgNbzCtgGbt2OxmpuryO63ZoDk/sqaB/znQm94T4fCEsy/yV+7CdC1kJhOU9lboAEU7R3kquuycDoibVA==",
      "license": "MIT",
      "engines": {
        "node": ">=10.0.0"
      },
      "peerDependencies": {
        "bufferutil": "^4.0.1",
        "utf-8-validate": ">=5.0.2"
      },
      "peerDependenciesMeta": {
        "bufferutil": {
          "optional": true
        },
        "utf-8-validate": {
          "optional": true
        }
      }
    },
    "node_modules/zwitch": {
      "version": "2.0.4",
      "resolved": "https://registry.npmjs.org/zwitch/-/zwitch-2.0.4.tgz",
      "integrity": "sha512-bXE4cR/kVZhKZX/RjPEflHaKVhUVl85noU3v6b8apfQEc1x4A+zBxjZ4lN8LqGd6WZ3dl98pY4o717VFmoPp+A==",
      "license": "MIT",
      "funding": {
        "type": "github",
        "url": "https://github.com/sponsors/wooorm"
      }
    }
  }
}
